
Microsoft Visual Studio Solution File, Format Version 12.00
# Visual Studio Version 16
VisualStudioVersion = 16.0.29926.136
MinimumVisualStudioVersion = 10.0.40219.1
Project("{FAE04EC0-301F-11D3-BF4B-00C04F79EFBC}") = "UPHTest", "UPHTest\UPHTest.csproj", "{27194B87-7B92-4807-8939-EBE1C7AB7946}"
EndProject
Global
	GlobalSection(SolutionConfigurationPlatforms) = preSolution
		Debug|Any CPU = Debug|Any CPU
		Release|Any CPU = Release|Any CPU
	EndGlobalSection
	GlobalSection(ProjectConfigurationPlatforms) = postSolution
		{27194B87-7B92-4807-8939-EBE1C7AB7946}.Debug|Any CPU.ActiveCfg = Debug|Any CPU
		{27194B87-7B92-4807-8939-EBE1C7AB7946}.Debug|Any CPU.Build.0 = Debug|Any CPU
		{27194B87-7B92-4807-8939-EBE1C7AB7946}.Release|Any CPU.ActiveCfg = Release|Any CPU
		{27194B87-7B92-4807-8939-EBE1C7AB7946}.Release|Any CPU.Build.0 = Release|Any CPU
	EndGlobalSection
	GlobalSection(SolutionProperties) = preSolution
		HideSolutionNode = FALSE
	EndGlobalSection
	GlobalSection(ExtensibilityGlobals) = postSolution
		SolutionGuid = {4D894652-6CEB-4AA1-9625-DB28B362EF42}
	EndGlobalSection
EndGlobal
