
Microsoft Visual Studio Solution File, Format Version 12.00
# Visual Studio Version 16
VisualStudioVersion = 16.0.29020.237
MinimumVisualStudioVersion = 10.0.40219.1
Project("{FAE04EC0-301F-11D3-BF4B-00C04F79EFBC}") = "SpareJob", "SpareJob\SpareJob.csproj", "{1A0CA3F0-D72B-4BB4-AA77-AC334EF622A5}"
EndProject
Project("{FAE04EC0-301F-11D3-BF4B-00C04F79EFBC}") = "SpareBySOandGPN", "SpareBySOandGPN\SpareBySOandGPN.csproj", "{B4CF9B8F-C1FF-4434-AE9E-ED39A1BCA23D}"
EndProject
Global
	GlobalSection(SolutionConfigurationPlatforms) = preSolution
		Debug|Any CPU = Debug|Any CPU
		Release|Any CPU = Release|Any CPU
	EndGlobalSection
	GlobalSection(ProjectConfigurationPlatforms) = postSolution
		{1A0CA3F0-D72B-4BB4-AA77-AC334EF622A5}.Debug|Any CPU.ActiveCfg = Debug|Any CPU
		{1A0CA3F0-D72B-4BB4-AA77-AC334EF622A5}.Debug|Any CPU.Build.0 = Debug|Any CPU
		{1A0CA3F0-D72B-4BB4-AA77-AC334EF622A5}.Release|Any CPU.ActiveCfg = Release|Any CPU
		{1A0CA3F0-D72B-4BB4-AA77-AC334EF622A5}.Release|Any CPU.Build.0 = Release|Any CPU
		{B4CF9B8F-C1FF-4434-AE9E-ED39A1BCA23D}.Debug|Any CPU.ActiveCfg = Debug|Any CPU
		{B4CF9B8F-C1FF-4434-AE9E-ED39A1BCA23D}.Debug|Any CPU.Build.0 = Debug|Any CPU
		{B4CF9B8F-C1FF-4434-AE9E-ED39A1BCA23D}.Release|Any CPU.ActiveCfg = Release|Any CPU
		{B4CF9B8F-C1FF-4434-AE9E-ED39A1BCA23D}.Release|Any CPU.Build.0 = Release|Any CPU
	EndGlobalSection
	GlobalSection(SolutionProperties) = preSolution
		HideSolutionNode = FALSE
	EndGlobalSection
	GlobalSection(ExtensibilityGlobals) = postSolution
		SolutionGuid = {575BF108-AAF5-4D86-950D-F795BF903E83}
	EndGlobalSection
EndGlobal
